lockfileVersion: '6.0'

settings:
  autoInstallPeers: true
  excludeLinksFromLockfile: false

dependencies:
  vm2:
    specifier: ^3.9.19
    version: 3.9.19

packages:

  /acorn-walk@8.2.0:
    resolution: {integrity: sha512-k+iyHEuPgSw6SbuDpGQM+06HQUa04DZ3o+F6CSzXMvvI5KMvnaEqXe+YVe555R9nn6GPt404fos4wcgpw12SDA==}
    engines: {node: '>=0.4.0'}
    dev: false

  /acorn@8.10.0:
    resolution: {integrity: sha512-F0SAmZ8iUtS//m8DmCTA0jlh6TDKkHQyK6xc6V4KDTyZKA9dnvX9/3sRTVQrWm79glUAZbnmmNcdYwUIHWVybw==}
    engines: {node: '>=0.4.0'}
    hasBin: true
    dev: false

  /vm2@3.9.19:
    resolution: {integrity: sha512-J637XF0DHDMV57R6JyVsTak7nIL8gy5KH4r1HiwWLf/4GBbb5MKL5y7LpmF4A8E2nR6XmzpmMFQ7V7ppPTmUQg==}
    engines: {node: '>=6.0'}
    hasBin: true
    dependencies:
      acorn: 8.10.0
      acorn-walk: 8.2.0
    dev: false
